// !$*UTF8*$!
{
	archiveVersion = 1;
	classes = {
	};
	objectVersion = 46;
	objects = {

/* Begin PBXBuildFile section */
		12513F061BBB07E300222F87 /* AppDelegate.swift in Sources */ = {isa = PBXBuildFile; fileRef = 12513F051BBB07E300222F87 /* AppDelegate.swift */; };
		12513F081BBB07E300222F87 /* MasterViewController.swift in Sources */ = {isa = PBXBuildFile; fileRef = 12513F071BBB07E300222F87 /* MasterViewController.swift */; };
		12513F0A1BBB07E300222F87 /* DetailViewController.swift in Sources */ = {isa = PBXBuildFile; fileRef = 12513F091BBB07E300222F87 /* DetailViewController.swift */; };
		12513F0D1BBB07E300222F87 /* Main.storyboard in Resources */ = {isa = PBXBuildFile; fileRef = 12513F0B1BBB07E300222F87 /* Main.storyboard */; };
		12513F0F1BBB07E300222F87 /* Assets.xcassets in Resources */ = {isa = PBXBuildFile; fileRef = 12513F0E1BBB07E300222F87 /* Assets.xcassets */; };
		12513F121BBB07E300222F87 /* LaunchScreen.storyboard in Resources */ = {isa = PBXBuildFile; fileRef = 12513F101BBB07E300222F87 /* LaunchScreen.storyboard */; };
		12513F1D1BBB07E400222F87 /* StretchyHeaderTests.swift in Sources */ = {isa = PBXBuildFile; fileRef = 12513F1C1BBB07E400222F87 /* StretchyHeaderTests.swift */; };
		12D5096F1BBB095A005FC9B8 /* NewsCell.swift in Sources */ = {isa = PBXBuildFile; fileRef = 12D5096E1BBB095A005FC9B8 /* NewsCell.swift */; };
		12D509731BBB1EAB005FC9B8 /* SplitViewController.swift in Sources */ = {isa = PBXBuildFile; fileRef = 12D509721BBB1EAB005FC9B8 /* SplitViewController.swift */; };
		12D509771BBB3579005FC9B8 /* Floating-Heads.xcassets in Resources */ = {isa = PBXBuildFile; fileRef = 12D509741BBB3579005FC9B8 /* Floating-Heads.xcassets */; };
		12D509781BBB3579005FC9B8 /* Stretchy-Header.xcassets in Resources */ = {isa = PBXBuildFile; fileRef = 12D509751BBB3579005FC9B8 /* Stretchy-Header.xcassets */; };
		12D509791BBB3579005FC9B8 /* Zooming-Icons.xcassets in Resources */ = {isa = PBXBuildFile; fileRef = 12D509761BBB3579005FC9B8 /* Zooming-Icons.xcassets */; };
		12D5097D1BBB380D005FC9B8 /* NSDate+FormattedDate.m in Sources */ = {isa = PBXBuildFile; fileRef = 12D5097B1BBB380D005FC9B8 /* NSDate+FormattedDate.m */; };
/* End PBXBuildFile section */

/* Begin PBXContainerItemProxy section */
		12513F191BBB07E400222F87 /* PBXContainerItemProxy */ = {
			isa = PBXContainerItemProxy;
			containerPortal = 12513EFA1BBB07E300222F87 /* Project object */;
			proxyType = 1;
			remoteGlobalIDString = 12513F011BBB07E300222F87;
			remoteInfo = StretchyHeader;
		};
/* End PBXContainerItemProxy section */

/* Begin PBXFileReference section */
		12513F021BBB07E300222F87 /* StretchyHeader.app */ = {isa = PBXFileReference; explicitFileType = wrapper.application; includeInIndex = 0; path = StretchyHeader.app; sourceTree = BUILT_PRODUCTS_DIR; };
		12513F051BBB07E300222F87 /* AppDelegate.swift */ = {isa = PBXFileReference; lastKnownFileType = sourcecode.swift; path = AppDelegate.swift; sourceTree = "<group>"; };
		12513F071BBB07E300222F87 /* MasterViewController.swift */ = {isa = PBXFileReference; lastKnownFileType = sourcecode.swift; path = MasterViewController.swift; sourceTree = "<group>"; };
		12513F091BBB07E300222F87 /* DetailViewController.swift */ = {isa = PBXFileReference; lastKnownFileType = sourcecode.swift; path = DetailViewController.swift; sourceTree = "<group>"; };
		12513F0C1BBB07E300222F87 /* Base */ = {isa = PBXFileReference; lastKnownFileType = file.storyboard; name = Base; path = Base.lproj/Main.storyboard; sourceTree = "<group>"; };
		12513F0E1BBB07E300222F87 /* Assets.xcassets */ = {isa = PBXFileReference; lastKnownFileType = folder.assetcatalog; path = Assets.xcassets; sourceTree = "<group>"; };
		12513F111BBB07E300222F87 /* Base */ = {isa = PBXFileReference; lastKnownFileType = file.storyboard; name = Base; path = Base.lproj/LaunchScreen.storyboard; sourceTree = "<group>"; };
		12513F131BBB07E400222F87 /* Info.plist */ = {isa = PBXFileReference; lastKnownFileType = text.plist.xml; path = Info.plist; sourceTree = "<group>"; };
		12513F181BBB07E400222F87 /* StretchyHeaderTests.xctest */ = {isa = PBXFileReference; explicitFileType = wrapper.cfbundle; includeInIndex = 0; path = StretchyHeaderTests.xctest; sourceTree = BUILT_PRODUCTS_DIR; };
		12513F1C1BBB07E400222F87 /* StretchyHeaderTests.swift */ = {isa = PBXFileReference; lastKnownFileType = sourcecode.swift; path = StretchyHeaderTests.swift; sourceTree = "<group>"; };
		12513F1E1BBB07E400222F87 /* Info.plist */ = {isa = PBXFileReference; lastKnownFileType = text.plist.xml; path = Info.plist; sourceTree = "<group>"; };
		12D5096E1BBB095A005FC9B8 /* NewsCell.swift */ = {isa = PBXFileReference; fileEncoding = 4; lastKnownFileType = sourcecode.swift; path = NewsCell.swift; sourceTree = "<group>"; };
		12D509721BBB1EAB005FC9B8 /* SplitViewController.swift */ = {isa = PBXFileReference; fileEncoding = 4; lastKnownFileType = sourcecode.swift; path = SplitViewController.swift; sourceTree = "<group>"; };
		12D509741BBB3579005FC9B8 /* Floating-Heads.xcassets */ = {isa = PBXFileReference; lastKnownFileType = folder.assetcatalog; path = "Floating-Heads.xcassets"; sourceTree = "<group>"; };
		12D509751BBB3579005FC9B8 /* Stretchy-Header.xcassets */ = {isa = PBXFileReference; lastKnownFileType = folder.assetcatalog; path = "Stretchy-Header.xcassets"; sourceTree = "<group>"; };
		12D509761BBB3579005FC9B8 /* Zooming-Icons.xcassets */ = {isa = PBXFileReference; lastKnownFileType = folder.assetcatalog; path = "Zooming-Icons.xcassets"; sourceTree = "<group>"; };
		12D5097A1BBB380C005FC9B8 /* StretchyHeader-Bridging-Header.h */ = {isa = PBXFileReference; lastKnownFileType = sourcecode.c.h; path = "StretchyHeader-Bridging-Header.h"; sourceTree = SOURCE_ROOT; };
		12D5097B1BBB380D005FC9B8 /* NSDate+FormattedDate.m */ = {isa = PBXFileReference; fileEncoding = 4; lastKnownFileType = sourcecode.c.objc; name = "NSDate+FormattedDate.m"; path = "../NSDate+FormattedDate.m"; sourceTree = "<group>"; };
		12D5097C1BBB380D005FC9B8 /* NSDate+FormattedDate.h */ = {isa = PBXFileReference; fileEncoding = 4; lastKnownFileType = sourcecode.c.h; name = "NSDate+FormattedDate.h"; path = "../NSDate+FormattedDate.h"; sourceTree = "<group>"; };
/* End PBXFileReference section */

/* Begin PBXFrameworksBuildPhase section */
		12513EFF1BBB07E300222F87 /* Frameworks */ = {
			isa = PBXFrameworksBuildPhase;
			buildActionMask = 2147483647;
			files = (
			);
			runOnlyForDeploymentPostprocessing = 0;
		};
		12513F151BBB07E400222F87 /* Frameworks */ = {
			isa = PBXFrameworksBuildPhase;
			buildActionMask = 2147483647;
			files = (
			);
			runOnlyForDeploymentPostprocessing = 0;
		};
/* End PBXFrameworksBuildPhase section */

/* Begin PBXGroup section */
		12513EF91BBB07E300222F87 = {
			isa = PBXGroup;
			children = (
				12513F041BBB07E300222F87 /* StretchyHeader */,
				12513F1B1BBB07E400222F87 /* StretchyHeaderTests */,
				12513F031BBB07E300222F87 /* Products */,
			);
			sourceTree = "<group>";
		};
		12513F031BBB07E300222F87 /* Products */ = {
			isa = PBXGroup;
			children = (
				12513F021BBB07E300222F87 /* StretchyHeader.app */,
				12513F181BBB07E400222F87 /* StretchyHeaderTests.xctest */,
			);
			name = Products;
			sourceTree = "<group>";
		};
		12513F041BBB07E300222F87 /* StretchyHeader */ = {
			isa = PBXGroup;
			children = (
				12D509741BBB3579005FC9B8 /* Floating-Heads.xcassets */,
				12D509751BBB3579005FC9B8 /* Stretchy-Header.xcassets */,
				12D509761BBB3579005FC9B8 /* Zooming-Icons.xcassets */,
				12513F051BBB07E300222F87 /* AppDelegate.swift */,
				12513F071BBB07E300222F87 /* MasterViewController.swift */,
				12513F091BBB07E300222F87 /* DetailViewController.swift */,
				12D509721BBB1EAB005FC9B8 /* SplitViewController.swift */,
				12D5096E1BBB095A005FC9B8 /* NewsCell.swift */,
				12D5097B1BBB380D005FC9B8 /* NSDate+FormattedDate.m */,
				12D5097C1BBB380D005FC9B8 /* NSDate+FormattedDate.h */,
				12D5097A1BBB380C005FC9B8 /* StretchyHeader-Bridging-Header.h */,
				12513F0B1BBB07E300222F87 /* Main.storyboard */,
				12513F0E1BBB07E300222F87 /* Assets.xcassets */,
				12513F101BBB07E300222F87 /* LaunchScreen.storyboard */,
				12513F131BBB07E400222F87 /* Info.plist */,
			);
			path = StretchyHeader;
			sourceTree = "<group>";
		};
		12513F1B1BBB07E400222F87 /* StretchyHeaderTests */ = {
			isa = PBXGroup;
			children = (
				12513F1C1BBB07E400222F87 /* StretchyHeaderTests.swift */,
				12513F1E1BBB07E400222F87 /* Info.plist */,
			);
			path = StretchyHeaderTests;
			sourceTree = "<group>";
		};
/* End PBXGroup section */

/* Begin PBXNativeTarget section */
		12513F011BBB07E300222F87 /* StretchyHeader */ = {
			isa = PBXNativeTarget;
			buildConfigurationList = 12513F211BBB07E400222F87 /* Build configuration list for PBXNativeTarget "StretchyHeader" */;
			buildPhases = (
				12513EFE1BBB07E300222F87 /* Sources */,
				12513EFF1BBB07E300222F87 /* Frameworks */,
				12513F001BBB07E300222F87 /* Resources */,
			);
			buildRules = (
			);
			dependencies = (
			);
			name = StretchyHeader;
			productName = StretchyHeader;
			productReference = 12513F021BBB07E300222F87 /* StretchyHeader.app */;
			productType = "com.apple.product-type.application";
		};
		12513F171BBB07E400222F87 /* StretchyHeaderTests */ = {
			isa = PBXNativeTarget;
			buildConfigurationList = 12513F241BBB07E400222F87 /* Build configuration list for PBXNativeTarget "StretchyHeaderTests" */;
			buildPhases = (
				12513F141BBB07E400222F87 /* Sources */,
				12513F151BBB07E400222F87 /* Frameworks */,
				12513F161BBB07E400222F87 /* Resources */,
			);
			buildRules = (
			);
			dependencies = (
				12513F1A1BBB07E400222F87 /* PBXTargetDependency */,
			);
			name = StretchyHeaderTests;
			productName = StretchyHeaderTests;
			productReference = 12513F181BBB07E400222F87 /* StretchyHeaderTests.xctest */;
			productType = "com.apple.product-type.bundle.unit-test";
		};
/* End PBXNativeTarget section */

/* Begin PBXProject section */
		12513EFA1BBB07E300222F87 /* Project object */ = {
			isa = PBXProject;
			attributes = {
				LastSwiftUpdateCheck = 0700;
				LastUpgradeCheck = 0700;
				ORGANIZATIONNAME = asu;
				TargetAttributes = {
					12513F011BBB07E300222F87 = {
						CreatedOnToolsVersion = 7.0;
						LastSwiftMigration = 0810;
					};
					12513F171BBB07E400222F87 = {
						CreatedOnToolsVersion = 7.0;
						LastSwiftMigration = 0810;
						TestTargetID = 12513F011BBB07E300222F87;
					};
				};
			};
			buildConfigurationList = 12513EFD1BBB07E300222F87 /* Build configuration list for PBXProject "StretchyHeader" */;
			compatibilityVersion = "Xcode 3.2";
			developmentRegion = English;
			hasScannedForEncodings = 0;
			knownRegions = (
				en,
				Base,
			);
			mainGroup = 12513EF91BBB07E300222F87;
			productRefGroup = 12513F031BBB07E300222F87 /* Products */;
			projectDirPath = "";
			projectRoot = "";
			targets = (
				12513F011BBB07E300222F87 /* StretchyHeader */,
				12513F171BBB07E400222F87 /* StretchyHeaderTests */,
			);
		};
/* End PBXProject section */

/* Begin PBXResourcesBuildPhase section */
		12513F001BBB07E300222F87 /* Resources */ = {
			isa = PBXResourcesBuildPhase;
			buildActionMask = 2147483647;
			files = (
				12513F121BBB07E300222F87 /* LaunchScreen.storyboard in Resources */,
				12D509771BBB3579005FC9B8 /* Floating-Heads.xcassets in Resources */,
				12513F0F1BBB07E300222F87 /* Assets.xcassets in Resources */,
				12513F0D1BBB07E300222F87 /* Main.storyboard in Resources */,
				12D509791BBB3579005FC9B8 /* Zooming-Icons.xcassets in Resources */,
				12D509781BBB3579005FC9B8 /* Stretchy-Header.xcassets in Resources */,
			);
			runOnlyForDeploymentPostprocessing = 0;
		};
		12513F161BBB07E400222F87 /* Resources */ = {
			isa = PBXResourcesBuildPhase;
			buildActionMask = 2147483647;
			files = (
			);
			runOnlyForDeploymentPostprocessing = 0;
		};
/* End PBXResourcesBuildPhase section */

/* Begin PBXSourcesBuildPhase section */
		12513EFE1BBB07E300222F87 /* Sources */ = {
			isa = PBXSourcesBuildPhase;
			buildActionMask = 2147483647;
			files = (
				12513F0A1BBB07E300222F87 /* DetailViewController.swift in Sources */,
				12513F081BBB07E300222F87 /* MasterViewController.swift in Sources */,
				12D5096F1BBB095A005FC9B8 /* NewsCell.swift in Sources */,
				12D5097D1BBB380D005FC9B8 /* NSDate+FormattedDate.m in Sources */,
				12513F061BBB07E300222F87 /* AppDelegate.swift in Sources */,
				12D509731BBB1EAB005FC9B8 /* SplitViewController.swift in Sources */,
			);
			runOnlyForDeploymentPostprocessing = 0;
		};
		12513F141BBB07E400222F87 /* Sources */ = {
			isa = PBXSourcesBuildPhase;
			buildActionMask = 2147483647;
			files = (
				12513F1D1BBB07E400222F87 /* StretchyHeaderTests.swift in Sources */,
			);
			runOnlyForDeploymentPostprocessing = 0;
		};
/* End PBXSourcesBuildPhase section */

/* Begin PBXTargetDependency section */
		12513F1A1BBB07E400222F87 /* PBXTargetDependency */ = {
			isa = PBXTargetDependency;
			target = 12513F011BBB07E300222F87 /* StretchyHeader */;
			targetProxy = 12513F191BBB07E400222F87 /* PBXContainerItemProxy */;
		};
/* End PBXTargetDependency section */

/* Begin PBXVariantGroup section */
		12513F0B1BBB07E300222F87 /* Main.storyboard */ = {
			isa = PBXVariantGroup;
			children = (
				12513F0C1BBB07E300222F87 /* Base */,
			);
			name = Main.storyboard;
			sourceTree = "<group>";
		};
		12513F101BBB07E300222F87 /* LaunchScreen.storyboard */ = {
			isa = PBXVariantGroup;
			children = (
				12513F111BBB07E300222F87 /* Base */,
			);
			name = LaunchScreen.storyboard;
			sourceTree = "<group>";
		};
/* End PBXVariantGroup section */

/* Begin XCBuildConfiguration section */
		12513F1F1BBB07E400222F87 /* Debug */ = {
			isa = XCBuildConfiguration;
			buildSettings = {
				ALWAYS_SEARCH_USER_PATHS = NO;
				CLANG_CXX_LANGUAGE_STANDARD = "gnu++0x";
				CLANG_CXX_LIBRARY = "libc++";
				CLANG_ENABLE_MODULES = YES;
				CLANG_ENABLE_OBJC_ARC = YES;
				CLANG_WARN_BOOL_CONVERSION = YES;
				CLANG_WARN_CONSTANT_CONVERSION = YES;
				CLANG_WARN_DIRECT_OBJC_ISA_USAGE = YES_ERROR;
				CLANG_WARN_EMPTY_BODY = YES;
				CLANG_WARN_ENUM_CONVERSION = YES;
				CLANG_WARN_INT_CONVERSION = YES;
				CLANG_WARN_OBJC_ROOT_CLASS = YES_ERROR;
				CLANG_WARN_UNREACHABLE_CODE = YES;
				CLANG_WARN__DUPLICATE_METHOD_MATCH = YES;
				"CODE_SIGN_IDENTITY[sdk=iphoneos*]" = "iPhone Developer";
				COPY_PHASE_STRIP = NO;
				DEBUG_INFORMATION_FORMAT = dwarf;
				ENABLE_STRICT_OBJC_MSGSEND = YES;
				ENABLE_TESTABILITY = YES;
				GCC_C_LANGUAGE_STANDARD = gnu99;
				GCC_DYNAMIC_NO_PIC = NO;
				GCC_NO_COMMON_BLOCKS = YES;
				GCC_OPTIMIZATION_LEVEL = 0;
				GCC_PREPROCESSOR_DEFINITIONS = (
					"DEBUG=1",
					"$(inherited)",
				);
				GCC_WARN_64_TO_32_BIT_CONVERSION = YES;
				GCC_WARN_ABOUT_RETURN_TYPE = YES_ERROR;
				GCC_WARN_UNDECLARED_SELECTOR = YES;
				GCC_WARN_UNINITIALIZED_AUTOS = YES_AGGRESSIVE;
				GCC_WARN_UNUSED_FUNCTION = YES;
				GCC_WARN_UNUSED_VARIABLE = YES;
				IPHONEOS_DEPLOYMENT_TARGET = 9.0;
				MTL_ENABLE_DEBUG_INFO = YES;
				ONLY_ACTIVE_ARCH = YES;
				SDKROOT = iphoneos;
				SWIFT_OPTIMIZATION_LEVEL = "-Onone";
				TARGETED_DEVICE_FAMILY = "1,2";
			};
			name = Debug;
		};
		12513F201BBB07E400222F87 /* Release */ = {
			isa = XCBuildConfiguration;
			buildSettings = {
				ALWAYS_SEARCH_USER_PATHS = NO;
				CLANG_CXX_LANGUAGE_STANDARD = "gnu++0x";
				CLANG_CXX_LIBRARY = "libc++";
				CLANG_ENABLE_MODULES = YES;
				CLANG_ENABLE_OBJC_ARC = YES;
				CLANG_WARN_BOOL_CONVERSION = YES;
				CLANG_WARN_CONSTANT_CONVERSION = YES;
				CLANG_WARN_DIRECT_OBJC_ISA_USAGE = YES_ERROR;
				CLANG_WARN_EMPTY_BODY = YES;
				CLANG_WARN_ENUM_CONVERSION = YES;
				CLANG_WARN_INT_CONVERSION = YES;
				CLANG_WARN_OBJC_ROOT_CLASS = YES_ERROR;
				CLANG_WARN_UNREACHABLE_CODE = YES;
				CLANG_WARN__DUPLICATE_METHOD_MATCH = YES;
				"CODE_SIGN_IDENTITY[sdk=iphoneos*]" = "iPhone Developer";
				COPY_PHASE_STRIP = NO;
				DEBUG_INFORMATION_FORMAT = "dwarf-with-dsym";
				ENABLE_NS_ASSERTIONS = NO;
				ENABLE_STRICT_OBJC_MSGSEND = YES;
				GCC_C_LANGUAGE_STANDARD = gnu99;
				GCC_NO_COMMON_BLOCKS = YES;
				GCC_WARN_64_TO_32_BIT_CONVERSION = YES;
				GCC_WARN_ABOUT_RETURN_TYPE = YES_ERROR;
				GCC_WARN_UNDECLARED_SELECTOR = YES;
				GCC_WARN_UNINITIALIZED_AUTOS = YES_AGGRESSIVE;
				GCC_WARN_UNUSED_FUNCTION = YES;
				GCC_WARN_UNUSED_VARIABLE = YES;
				IPHONEOS_DEPLOYMENT_TARGET = 9.0;
				MTL_ENABLE_DEBUG_INFO = NO;
				SDKROOT = iphoneos;
				TARGETED_DEVICE_FAMILY = "1,2";
				VALIDATE_PRODUCT = YES;
			};
			name = Release;
		};
		12513F221BBB07E400222F87 /* Debug */ = {
			isa = XCBuildConfiguration;
			buildSettings = {
				ASSETCATALOG_COMPILER_APPICON_NAME = AppIcon;
				CLANG_ENABLE_MODULES = YES;
				INFOPLIST_FILE = StretchyHeader/Info.plist;
				LD_RUNPATH_SEARCH_PATHS = "$(inherited) @executable_path/Frameworks";
				PRODUCT_BUNDLE_IDENTIFIER = training.asu.StretchyHeader;
				PRODUCT_NAME = "$(TARGET_NAME)";
				SWIFT_OBJC_BRIDGING_HEADER = "StretchyHeader-Bridging-Header.h";
				SWIFT_OPTIMIZATION_LEVEL = "-Onone";
				SWIFT_VERSION = 3.0;
			};
			name = Debug;
		};
		12513F231BBB07E400222F87 /* Release */ = {
			isa = XCBuildConfiguration;
			buildSettings = {
				ASSETCATALOG_COMPILER_APPICON_NAME = AppIcon;
				CLANG_ENABLE_MODULES = YES;
				INFOPLIST_FILE = StretchyHeader/Info.plist;
				LD_RUNPATH_SEARCH_PATHS = "$(inherited) @executable_path/Frameworks";
				PRODUCT_BUNDLE_IDENTIFIER = training.asu.StretchyHeader;
				PRODUCT_NAME = "$(TARGET_NAME)";
				SWIFT_OBJC_BRIDGING_HEADER = "StretchyHeader-Bridging-Header.h";
				SWIFT_VERSION = 3.0;
			};
			name = Release;
		};
		12513F251BBB07E400222F87 /* Debug */ = {
			isa = XCBuildConfiguration;
			buildSettings = {
				BUNDLE_LOADER = "$(TEST_HOST)";
				INFOPLIST_FILE = StretchyHeaderTests/Info.plist;
				LD_RUNPATH_SEARCH_PATHS = "$(inherited) @executable_path/Frameworks @loader_path/Frameworks";
				PRODUCT_BUNDLE_IDENTIFIER = training.asu.StretchyHeaderTests;
				PRODUCT_NAME = "$(TARGET_NAME)";
				SWIFT_VERSION = 3.0;
				TEST_HOST = "$(BUILT_PRODUCTS_DIR)/StretchyHeader.app/StretchyHeader";
			};
			name = Debug;
		};
		12513F261BBB07E400222F87 /* Release */ = {
			isa = XCBuildConfiguration;
			buildSettings = {
				BUNDLE_LOADER = "$(TEST_HOST)";
				INFOPLIST_FILE = StretchyHeaderTests/Info.plist;
				LD_RUNPATH_SEARCH_PATHS = "$(inherited) @executable_path/Frameworks @loader_path/Frameworks";
				PRODUCT_BUNDLE_IDENTIFIER = training.asu.StretchyHeaderTests;
				PRODUCT_NAME = "$(TARGET_NAME)";
				SWIFT_VERSION = 3.0;
				TEST_HOST = "$(BUILT_PRODUCTS_DIR)/StretchyHeader.app/StretchyHeader";
			};
			name = Release;
		};
/* End XCBuildConfiguration section */

/* Begin XCConfigurationList section */
		12513EFD1BBB07E300222F87 /* Build configuration list for PBXProject "StretchyHeader" */ = {
			isa = XCConfigurationList;
			buildConfigurations = (
				12513F1F1BBB07E400222F87 /* Debug */,
				12513F201BBB07E400222F87 /* Release */,
			);
			defaultConfigurationIsVisible = 0;
			defaultConfigurationName = Release;
		};
		12513F211BBB07E400222F87 /* Build configuration list for PBXNativeTarget "StretchyHeader" */ = {
			isa = XCConfigurationList;
			buildConfigurations = (
				12513F221BBB07E400222F87 /* Debug */,
				12513F231BBB07E400222F87 /* Release */,
			);
			defaultConfigurationIsVisible = 0;
			defaultConfigurationName = Release;
		};
		12513F241BBB07E400222F87 /* Build configuration list for PBXNativeTarget "StretchyHeaderTests" */ = {
			isa = XCConfigurationList;
			buildConfigurations = (
				12513F251BBB07E400222F87 /* Debug */,
				12513F261BBB07E400222F87 /* Release */,
			);
			defaultConfigurationIsVisible = 0;
			defaultConfigurationName = Release;
		};
/* End XCConfigurationList section */
	};
	rootObject = 12513EFA1BBB07E300222F87 /* Project object */;
}
